// !$*UTF8*$!
{
	archiveVersion = 1;
	classes = {
	};
	objectVersion = 50;
	objects = {

/* Begin PBXBuildFile section */
		AA4083F721E073070000D31B /* AppDelegate.swift in Sources */ = {isa = PBXBuildFile; fileRef = AA4083F621E073070000D31B /* AppDelegate.swift */; };
		AA4083FC21E073070000D31B /* Main.storyboard in Resources */ = {isa = PBXBuildFile; fileRef = AA4083FA21E073070000D31B /* Main.storyboard */; };
		AA4083FE21E073080000D31B /* Assets.xcassets in Resources */ = {isa = PBXBuildFile; fileRef = AA4083FD21E073080000D31B /* Assets.xcassets */; };
		AA40840121E073080000D31B /* LaunchScreen.storyboard in Resources */ = {isa = PBXBuildFile; fileRef = AA4083FF21E073080000D31B /* LaunchScreen.storyboard */; };
		AA40840A21E076AB0000D31B /* ImageGalleryCVC.swift in Sources */ = {isa = PBXBuildFile; fileRef = AA40840921E076AB0000D31B /* ImageGalleryCVC.swift */; };
		AA40840C21E080DE0000D31B /* ImageItem.swift in Sources */ = {isa = PBXBuildFile; fileRef = AA40840B21E080DE0000D31B /* ImageItem.swift */; };
		AA40841021E082630000D31B /* Utilities.swift in Sources */ = {isa = PBXBuildFile; fileRef = AA40840F21E082630000D31B /* Utilities.swift */; };
		AA40841221E083810000D31B /* ImageGalleryCell.swift in Sources */ = {isa = PBXBuildFile; fileRef = AA40841121E083810000D31B /* ImageGalleryCell.swift */; };
/* End PBXBuildFile section */

/* Begin PBXFileReference section */
		AA4083F321E073070000D31B /* 5ImageGallery.app */ = {isa = PBXFileReference; explicitFileType = wrapper.application; includeInIndex = 0; path = 5ImageGallery.app; sourceTree = BUILT_PRODUCTS_DIR; };
		AA4083F621E073070000D31B /* AppDelegate.swift */ = {isa = PBXFileReference; lastKnownFileType = sourcecode.swift; path = AppDelegate.swift; sourceTree = "<group>"; };
		AA4083FB21E073070000D31B /* Base */ = {isa = PBXFileReference; lastKnownFileType = file.storyboard; name = Base; path = Base.lproj/Main.storyboard; sourceTree = "<group>"; };
		AA4083FD21E073080000D31B /* Assets.xcassets */ = {isa = PBXFileReference; lastKnownFileType = folder.assetcatalog; path = Assets.xcassets; sourceTree = "<group>"; };
		AA40840021E073080000D31B /* Base */ = {isa = PBXFileReference; lastKnownFileType = file.storyboard; name = Base; path = Base.lproj/LaunchScreen.storyboard; sourceTree = "<group>"; };
		AA40840221E073080000D31B /* Info.plist */ = {isa = PBXFileReference; lastKnownFileType = text.plist.xml; path = Info.plist; sourceTree = "<group>"; };
		AA40840921E076AB0000D31B /* ImageGalleryCVC.swift */ = {isa = PBXFileReference; lastKnownFileType = sourcecode.swift; path = ImageGalleryCVC.swift; sourceTree = "<group>"; };
		AA40840B21E080DE0000D31B /* ImageItem.swift */ = {isa = PBXFileReference; lastKnownFileType = sourcecode.swift; path = ImageItem.swift; sourceTree = "<group>"; };
		AA40840F21E082630000D31B /* Utilities.swift */ = {isa = PBXFileReference; fileEncoding = 4; lastKnownFileType = sourcecode.swift; path = Utilities.swift; sourceTree = "<group>"; };
		AA40841121E083810000D31B /* ImageGalleryCell.swift */ = {isa = PBXFileReference; lastKnownFileType = sourcecode.swift; path = ImageGalleryCell.swift; sourceTree = "<group>"; };
/* End PBXFileReference section */

/* Begin PBXFrameworksBuildPhase section */
		AA4083F021E073070000D31B /* Frameworks */ = {
			isa = PBXFrameworksBuildPhase;
			buildActionMask = 2147483647;
			files = (
			);
			runOnlyForDeploymentPostprocessing = 0;
		};
/* End PBXFrameworksBuildPhase section */

/* Begin PBXGroup section */
		AA4083EA21E073070000D31B = {
			isa = PBXGroup;
			children = (
				AA4083F521E073070000D31B /* 5ImageGallery */,
				AA4083F421E073070000D31B /* Products */,
			);
			sourceTree = "<group>";
		};
		AA4083F421E073070000D31B /* Products */ = {
			isa = PBXGroup;
			children = (
				AA4083F321E073070000D31B /* 5ImageGallery.app */,
			);
			name = Products;
			sourceTree = "<group>";
		};
		AA4083F521E073070000D31B /* 5ImageGallery */ = {
			isa = PBXGroup;
			children = (
				AA4083FA21E073070000D31B /* Main.storyboard */,
				AA40840921E076AB0000D31B /* ImageGalleryCVC.swift */,
				AA40840B21E080DE0000D31B /* ImageItem.swift */,
				AA40840821E074EB0000D31B /* Supporting Files */,
				AA40840221E073080000D31B /* Info.plist */,
				AA40841121E083810000D31B /* ImageGalleryCell.swift */,
			);
			path = 5ImageGallery;
			sourceTree = "<group>";
		};
		AA40840821E074EB0000D31B /* Supporting Files */ = {
			isa = PBXGroup;
			children = (
				AA40840F21E082630000D31B /* Utilities.swift */,
				AA4083F621E073070000D31B /* AppDelegate.swift */,
				AA4083FD21E073080000D31B /* Assets.xcassets */,
				AA4083FF21E073080000D31B /* LaunchScreen.storyboard */,
			);
			path = "Supporting Files";
			sourceTree = "<group>";
		};
/* End PBXGroup section */

/* Begin PBXNativeTarget section */
		AA4083F221E073070000D31B /* 5ImageGallery */ = {
			isa = PBXNativeTarget;
			buildConfigurationList = AA40840521E073080000D31B /* Build configuration list for PBXNativeTarget "5ImageGallery" */;
			buildPhases = (
				AA4083EF21E073070000D31B /* Sources */,
				AA4083F021E073070000D31B /* Frameworks */,
				AA4083F121E073070000D31B /* Resources */,
			);
			buildRules = (
			);
			dependencies = (
			);
			name = 5ImageGallery;
			productName = 5ImageGallery;
			productReference = AA4083F321E073070000D31B /* 5ImageGallery.app */;
			productType = "com.apple.product-type.application";
		};
/* End PBXNativeTarget section */

/* Begin PBXProject section */
		AA4083EB21E073070000D31B /* Project object */ = {
			isa = PBXProject;
			attributes = {
				LastSwiftUpdateCheck = 1010;
				LastUpgradeCheck = 1010;
				ORGANIZATIONNAME = "Wu Personal Team";
				TargetAttributes = {
					AA4083F221E073070000D31B = {
						CreatedOnToolsVersion = 10.1;
					};
				};
			};
			buildConfigurationList = AA4083EE21E073070000D31B /* Build configuration list for PBXProject "5ImageGallery" */;
			compatibilityVersion = "Xcode 9.3";
			developmentRegion = en;
			hasScannedForEncodings = 0;
			knownRegions = (
				en,
				Base,
			);
			mainGroup = AA4083EA21E073070000D31B;
			productRefGroup = AA4083F421E073070000D31B /* Products */;
			projectDirPath = "";
			projectRoot = "";
			targets = (
				AA4083F221E073070000D31B /* 5ImageGallery */,
			);
		};
/* End PBXProject section */

/* Begin PBXResourcesBuildPhase section */
		AA4083F121E073070000D31B /* Resources */ = {
			isa = PBXResourcesBuildPhase;
			buildActionMask = 2147483647;
			files = (
				AA40840121E073080000D31B /* LaunchScreen.storyboard in Resources */,
				AA4083FE21E073080000D31B /* Assets.xcassets in Resources */,
				AA4083FC21E073070000D31B /* Main.storyboard in Resources */,
			);
			runOnlyForDeploymentPostprocessing = 0;
		};
/* End PBXResourcesBuildPhase section */

/* Begin PBXSourcesBuildPhase section */
		AA4083EF21E073070000D31B /* Sources */ = {
			isa = PBXSourcesBuildPhase;
			buildActionMask = 2147483647;
			files = (
				AA40840C21E080DE0000D31B /* ImageItem.swift in Sources */,
				AA4083F721E073070000D31B /* AppDelegate.swift in Sources */,
				AA40841021E082630000D31B /* Utilities.swift in Sources */,
				AA40840A21E076AB0000D31B /* ImageGalleryCVC.swift in Sources */,
				AA40841221E083810000D31B /* ImageGalleryCell.swift in Sources */,
			);
			runOnlyForDeploymentPostprocessing = 0;
		};
/* End PBXSourcesBuildPhase section */

/* Begin PBXVariantGroup section */
		AA4083FA21E073070000D31B /* Main.storyboard */ = {
			isa = PBXVariantGroup;
			children = (
				AA4083FB21E073070000D31B /* Base */,
			);
			name = Main.storyboard;
			sourceTree = "<group>";
		};
		AA4083FF21E073080000D31B /* LaunchScreen.storyboard */ = {
			isa = PBXVariantGroup;
			children = (
				AA40840021E073080000D31B /* Base */,
			);
			name = LaunchScreen.storyboard;
			sourceTree = "<group>";
		};
/* End PBXVariantGroup section */

/* Begin XCBuildConfiguration section */
		AA40840321E073080000D31B /* Debug */ = {
			isa = XCBuildConfiguration;
			buildSettings = {
				ALWAYS_SEARCH_USER_PATHS = NO;
				CLANG_ANALYZER_NONNULL = YES;
				CLANG_ANALYZER_NUMBER_OBJECT_CONVERSION = YES_AGGRESSIVE;
				CLANG_CXX_LANGUAGE_STANDARD = "gnu++14";
				CLANG_CXX_LIBRARY = "libc++";
				CLANG_ENABLE_MODULES = YES;
				CLANG_ENABLE_OBJC_ARC = YES;
				CLANG_ENABLE_OBJC_WEAK = YES;
				CLANG_WARN_BLOCK_CAPTURE_AUTORELEASING = YES;
				CLANG_WARN_BOOL_CONVERSION = YES;
				CLANG_WARN_COMMA = YES;
				CLANG_WARN_CONSTANT_CONVERSION = YES;
				CLANG_WARN_DEPRECATED_OBJC_IMPLEMENTATIONS = YES;
				CLANG_WARN_DIRECT_OBJC_ISA_USAGE = YES_ERROR;
				CLANG_WARN_DOCUMENTATION_COMMENTS = YES;
				CLANG_WARN_EMPTY_BODY = YES;
				CLANG_WARN_ENUM_CONVERSION = YES;
				CLANG_WARN_INFINITE_RECURSION = YES;
				CLANG_WARN_INT_CONVERSION = YES;
				CLANG_WARN_NON_LITERAL_NULL_CONVERSION = YES;
				CLANG_WARN_OBJC_IMPLICIT_RETAIN_SELF = YES;
				CLANG_WARN_OBJC_LITERAL_CONVERSION = YES;
				CLANG_WARN_OBJC_ROOT_CLASS = YES_ERROR;
				CLANG_WARN_RANGE_LOOP_ANALYSIS = YES;
				CLANG_WARN_STRICT_PROTOTYPES = YES;
				CLANG_WARN_SUSPICIOUS_MOVE = YES;
				CLANG_WARN_UNGUARDED_AVAILABILITY = YES_AGGRESSIVE;
				CLANG_WARN_UNREACHABLE_CODE = YES;
				CLANG_WARN__DUPLICATE_METHOD_MATCH = YES;
				CODE_SIGN_IDENTITY = "iPhone Developer";
				COPY_PHASE_STRIP = NO;
				DEBUG_INFORMATION_FORMAT = dwarf;
				ENABLE_STRICT_OBJC_MSGSEND = YES;
				ENABLE_TESTABILITY = YES;
				GCC_C_LANGUAGE_STANDARD = gnu11;
				GCC_DYNAMIC_NO_PIC = NO;
				GCC_NO_COMMON_BLOCKS = YES;
				GCC_OPTIMIZATION_LEVEL = 0;
				GCC_PREPROCESSOR_DEFINITIONS = (
					"DEBUG=1",
					"$(inherited)",
				);
				GCC_WARN_64_TO_32_BIT_CONVERSION = YES;
				GCC_WARN_ABOUT_RETURN_TYPE = YES_ERROR;
				GCC_WARN_UNDECLARED_SELECTOR = YES;
				GCC_WARN_UNINITIALIZED_AUTOS = YES_AGGRESSIVE;
				GCC_WARN_UNUSED_FUNCTION = YES;
				GCC_WARN_UNUSED_VARIABLE = YES;
				IPHONEOS_DEPLOYMENT_TARGET = 12.1;
				MTL_ENABLE_DEBUG_INFO = INCLUDE_SOURCE;
				MTL_FAST_MATH = YES;
				ONLY_ACTIVE_ARCH = YES;
				SDKROOT = iphoneos;
				SWIFT_ACTIVE_COMPILATION_CONDITIONS = DEBUG;
				SWIFT_OPTIMIZATION_LEVEL = "-Onone";
			};
			name = Debug;
		};
		AA40840421E073080000D31B /* Release */ = {
			isa = XCBuildConfiguration;
			buildSettings = {
				ALWAYS_SEARCH_USER_PATHS = NO;
				CLANG_ANALYZER_NONNULL = YES;
				CLANG_ANALYZER_NUMBER_OBJECT_CONVERSION = YES_AGGRESSIVE;
				CLANG_CXX_LANGUAGE_STANDARD = "gnu++14";
				CLANG_CXX_LIBRARY = "libc++";
				CLANG_ENABLE_MODULES = YES;
				CLANG_ENABLE_OBJC_ARC = YES;
				CLANG_ENABLE_OBJC_WEAK = YES;
				CLANG_WARN_BLOCK_CAPTURE_AUTORELEASING = YES;
				CLANG_WARN_BOOL_CONVERSION = YES;
				CLANG_WARN_COMMA = YES;
				CLANG_WARN_CONSTANT_CONVERSION = YES;
				CLANG_WARN_DEPRECATED_OBJC_IMPLEMENTATIONS = YES;
				CLANG_WARN_DIRECT_OBJC_ISA_USAGE = YES_ERROR;
				CLANG_WARN_DOCUMENTATION_COMMENTS = YES;
				CLANG_WARN_EMPTY_BODY = YES;
				CLANG_WARN_ENUM_CONVERSION = YES;
				CLANG_WARN_INFINITE_RECURSION = YES;
				CLANG_WARN_INT_CONVERSION = YES;
				CLANG_WARN_NON_LITERAL_NULL_CONVERSION = YES;
				CLANG_WARN_OBJC_IMPLICIT_RETAIN_SELF = YES;
				CLANG_WARN_OBJC_LITERAL_CONVERSION = YES;
				CLANG_WARN_OBJC_ROOT_CLASS = YES_ERROR;
				CLANG_WARN_RANGE_LOOP_ANALYSIS = YES;
				CLANG_WARN_STRICT_PROTOTYPES = YES;
				CLANG_WARN_SUSPICIOUS_MOVE = YES;
				CLANG_WARN_UNGUARDED_AVAILABILITY = YES_AGGRESSIVE;
				CLANG_WARN_UNREACHABLE_CODE = YES;
				CLANG_WARN__DUPLICATE_METHOD_MATCH = YES;
				CODE_SIGN_IDENTITY = "iPhone Developer";
				COPY_PHASE_STRIP = NO;
				DEBUG_INFORMATION_FORMAT = "dwarf-with-dsym";
				ENABLE_NS_ASSERTIONS = NO;
				ENABLE_STRICT_OBJC_MSGSEND = YES;
				GCC_C_LANGUAGE_STANDARD = gnu11;
				GCC_NO_COMMON_BLOCKS = YES;
				GCC_WARN_64_TO_32_BIT_CONVERSION = YES;
				GCC_WARN_ABOUT_RETURN_TYPE = YES_ERROR;
				GCC_WARN_UNDECLARED_SELECTOR = YES;
				GCC_WARN_UNINITIALIZED_AUTOS = YES_AGGRESSIVE;
				GCC_WARN_UNUSED_FUNCTION = YES;
				GCC_WARN_UNUSED_VARIABLE = YES;
				IPHONEOS_DEPLOYMENT_TARGET = 12.1;
				MTL_ENABLE_DEBUG_INFO = NO;
				MTL_FAST_MATH = YES;
				SDKROOT = iphoneos;
				SWIFT_COMPILATION_MODE = wholemodule;
				SWIFT_OPTIMIZATION_LEVEL = "-O";
				VALIDATE_PRODUCT = YES;
			};
			name = Release;
		};
		AA40840621E073080000D31B /* Debug */ = {
			isa = XCBuildConfiguration;
			buildSettings = {
				ASSETCATALOG_COMPILER_APPICON_NAME = AppIcon;
				CODE_SIGN_STYLE = Automatic;
				DEVELOPMENT_TEAM = VWA95UCFV4;
				INFOPLIST_FILE = 5ImageGallery/Info.plist;
				LD_RUNPATH_SEARCH_PATHS = (
					"$(inherited)",
					"@executable_path/Frameworks",
				);
				PRODUCT_BUNDLE_IDENTIFIER = "com.wupersonalteam47.internal.-ImageGallery";
				PRODUCT_NAME = "$(TARGET_NAME)";
				SWIFT_VERSION = 4.2;
				TARGETED_DEVICE_FAMILY = "1,2";
			};
			name = Debug;
		};
		AA40840721E073080000D31B /* Release */ = {
			isa = XCBuildConfiguration;
			buildSettings = {
				ASSETCATALOG_COMPILER_APPICON_NAME = AppIcon;
				CODE_SIGN_STYLE = Automatic;
				DEVELOPMENT_TEAM = VWA95UCFV4;
				INFOPLIST_FILE = 5ImageGallery/Info.plist;
				LD_RUNPATH_SEARCH_PATHS = (
					"$(inherited)",
					"@executable_path/Frameworks",
				);
				PRODUCT_BUNDLE_IDENTIFIER = "com.wupersonalteam47.internal.-ImageGallery";
				PRODUCT_NAME = "$(TARGET_NAME)";
				SWIFT_VERSION = 4.2;
				TARGETED_DEVICE_FAMILY = "1,2";
			};
			name = Release;
		};
/* End XCBuildConfiguration section */

/* Begin XCConfigurationList section */
		AA4083EE21E073070000D31B /* Build configuration list for PBXProject "5ImageGallery" */ = {
			isa = XCConfigurationList;
			buildConfigurations = (
				AA40840321E073080000D31B /* Debug */,
				AA40840421E073080000D31B /* Release */,
			);
			defaultConfigurationIsVisible = 0;
			defaultConfigurationName = Release;
		};
		AA40840521E073080000D31B /* Build configuration list for PBXNativeTarget "5ImageGallery" */ = {
			isa = XCConfigurationList;
			buildConfigurations = (
				AA40840621E073080000D31B /* Debug */,
				AA40840721E073080000D31B /* Release */,
			);
			defaultConfigurationIsVisible = 0;
			defaultConfigurationName = Release;
		};
/* End XCConfigurationList section */
	};
	rootObject = AA4083EB21E073070000D31B /* Project object */;
}
